
Microsoft Visual Studio Solution File, Format Version 12.00
# Visual Studio Version 16
VisualStudioVersion = 16.0.30320.27
MinimumVisualStudioVersion = 10.0.40219.1
Project("{FAE04EC0-301F-11D3-BF4B-00C04F79EFBC}") = "snake", "snake\snake.csproj", "{94581320-7BCF-42C8-B390-A063EEC0D41D}"
EndProject
Global
	GlobalSection(SolutionConfigurationPlatforms) = preSolution
		Debug|Any CPU = Debug|Any CPU
		Release|Any CPU = Release|Any CPU
	EndGlobalSection
	GlobalSection(ProjectConfigurationPlatforms) = postSolution
		{94581320-7BCF-42C8-B390-A063EEC0D41D}.Debug|Any CPU.ActiveCfg = Debug|Any CPU
		{94581320-7BCF-42C8-B390-A063EEC0D41D}.Debug|Any CPU.Build.0 = Debug|Any CPU
		{94581320-7BCF-42C8-B390-A063EEC0D41D}.Release|Any CPU.ActiveCfg = Release|Any CPU
		{94581320-7BCF-42C8-B390-A063EEC0D41D}.Release|Any CPU.Build.0 = Release|Any CPU
	EndGlobalSection
	GlobalSection(SolutionProperties) = preSolution
		HideSolutionNode = FALSE
	EndGlobalSection
	GlobalSection(ExtensibilityGlobals) = postSolution
		SolutionGuid = {976A382B-F57D-4502-8A3E-28A442602354}
	EndGlobalSection
EndGlobal
